<Solution>
  <Folder Name="/src/" />
  <Folder Name="/src/Backend/">
    <Project Path="src/Backend/FalaInglesAI.API/FalaInglesAI.API.csproj" />
    <Project Path="src/Backend/FalaInglesAI.Application/FalaInglesAI.Application.csproj" />
    <Project Path="src/Backend/FalaInglesAI.Domain/FalaInglesAI.Domain.csproj" />
    <Project Path="src/Backend/FalaInglesAI.Infrastructure/FalaInglesAI.Infrastructure.csproj" />
  </Folder>
  <Folder Name="/src/Backend/FalainglesAI.Application/" />
  <Folder Name="/src/Backend/FalainglesAI.Domain/" />
</Solution>
