<Solution>
  <Folder Name="/src/" />
  <Folder Name="/src/Backend/">
    <Project Path="src/Backend/SpeakAI.API/SpeakAI.API.csproj" />
    <Project Path="src/Backend/SpeakAI.Application/SpeakAI.Application.csproj" />
    <Project Path="src/Backend/SpeakAI.Domain/SpeakAI.Domain.csproj" />
    <Project Path="src/Backend/SpeakAI.Infrastructure/SpeakAI.Infrastructure.csproj" />
  </Folder>
</Solution>
